
Microsoft Visual Studio Solution File, Format Version 12.00
# Visual Studio Version 17
VisualStudioVersion = 17.11.35303.130
MinimumVisualStudioVersion = 10.0.40219.1
Project("{2150E333-8FDC-42A3-9474-1A3956D46DE8}") = "Task0", "Task0", "{960AEA04-7936-4526-AA1C-71E7EA6DCC52}"
EndProject
Project("{9A19103F-16F7-4668-BE54-9A1E7A4F7556}") = "Tyuiu.AnishchenkoVA.Sprint3.Task0.V17", "Tyuiu.AnishchenkoVA.Sprint3.Task0.V17\Tyuiu.AnishchenkoVA.Sprint3.Task0.V17.csproj", "{CDDDC7B8-C970-4713-B8C1-BE9E78CF5BB7}"
EndProject
Project("{9A19103F-16F7-4668-BE54-9A1E7A4F7556}") = "Tyuiu.AnishchenkoVA.Sprint3.Task0.V17.Lib", "Tyuiu.AnishchenkoVA.Sprint3.Task0.V17.Lib\Tyuiu.AnishchenkoVA.Sprint3.Task0.V17.Lib.csproj", "{77E56133-4B71-4D8F-B55C-E4929B926621}"
EndProject
Project("{9A19103F-16F7-4668-BE54-9A1E7A4F7556}") = "Tyuiu.AnishchenkoVA.Sprint3.Task0.V17.Test", "Tyuiu.AnishchenkoVA.Sprint3.Task0.V17.Test\Tyuiu.AnishchenkoVA.Sprint3.Task0.V17.Test.csproj", "{8BD7C317-5FF3-4DB2-AD88-F344AE5768C8}"
EndProject
Project("{2150E333-8FDC-42A3-9474-1A3956D46DE8}") = "Task1", "Task1", "{73A86CBB-61E4-4ECA-9A58-ED0D4C2A5CB3}"
EndProject
Project("{9A19103F-16F7-4668-BE54-9A1E7A4F7556}") = "Tyuiu.AnishchenkoVA.Sprint3.Task1.V11", "Tyuiu.AnishchenkoVA.Sprint3.Task1.V11\Tyuiu.AnishchenkoVA.Sprint3.Task1.V11.csproj", "{27A35599-E9E9-4CD8-95FC-877056BFF2B7}"
EndProject
Project("{9A19103F-16F7-4668-BE54-9A1E7A4F7556}") = "Tyuiu.AnishchenkoVA.Sprint3.Task1.V11.Lib", "Tyuiu.AnishchenkoVA.Sprint3.Task1.V11.Lib\Tyuiu.AnishchenkoVA.Sprint3.Task1.V11.Lib.csproj", "{745601A0-B94C-4CF9-AEA8-EC061C9E5B80}"
EndProject
Project("{9A19103F-16F7-4668-BE54-9A1E7A4F7556}") = "Tyuiu.AnishchenkoVA.Sprint3.Task1.V11.Test", "Tyuiu.AnishchenkoVA.Sprint3.Task1.V11.Test\Tyuiu.AnishchenkoVA.Sprint3.Task1.V11.Test.csproj", "{9FACBB3C-3A9C-4612-9F79-1BFF60B4AB67}"
EndProject
Project("{2150E333-8FDC-42A3-9474-1A3956D46DE8}") = "Task2", "Task2", "{E0002763-518F-4ED8-B6C1-61F77427A2A6}"
EndProject
Project("{9A19103F-16F7-4668-BE54-9A1E7A4F7556}") = "Tyuiu.AnishchenkoVA.Sprint3.Task2.V21", "Tyuiu.AnishchenkoVA.Sprint3.Task2.V21\Tyuiu.AnishchenkoVA.Sprint3.Task2.V21.csproj", "{509EC699-7D8B-4E27-A3B9-BDA561FBC70C}"
EndProject
Project("{9A19103F-16F7-4668-BE54-9A1E7A4F7556}") = "Tyuiu.AnishchenkoVA.Sprint3.Task2.V21.Lib", "Tyuiu.AnishchenkoVA.Sprint3.Task2.V21.Lib\Tyuiu.AnishchenkoVA.Sprint3.Task2.V21.Lib.csproj", "{F8C0FA56-A455-4C57-9487-D0C67CB4C54F}"
EndProject
Project("{9A19103F-16F7-4668-BE54-9A1E7A4F7556}") = "Tyuiu.AnishchenkoVA.Sprint3.Task2.V21.Test", "Tyuiu.AnishchenkoVA.Sprint3.Task2.V21.Test\Tyuiu.AnishchenkoVA.Sprint3.Task2.V21.Test.csproj", "{4021B1C2-3003-4D7B-A1C8-5F65BCB36A28}"
EndProject
Project("{2150E333-8FDC-42A3-9474-1A3956D46DE8}") = "Task3", "Task3", "{1E27C27D-0F29-4412-9FCD-8D19F8F39255}"
EndProject
Project("{9A19103F-16F7-4668-BE54-9A1E7A4F7556}") = "Tyuiu.AnishchenkoVA.Sprint3.Task3.V22", "Tyuiu.AnishchenkoVA.Sprint3.Task3.V22\Tyuiu.AnishchenkoVA.Sprint3.Task3.V22.csproj", "{8AB15C08-36D4-4C04-9373-0A5217EA703F}"
EndProject
Project("{9A19103F-16F7-4668-BE54-9A1E7A4F7556}") = "Tyuiu.AnishchenkoVA.Sprint3.Task3.V22.Lib", "Tyuiu.AnishchenkoVA.Sprint3.Task3.V22.Lib\Tyuiu.AnishchenkoVA.Sprint3.Task3.V22.Lib.csproj", "{D1EE0F27-3D42-4AD1-8BAD-56725E8F8F99}"
EndProject
Project("{9A19103F-16F7-4668-BE54-9A1E7A4F7556}") = "Tyuiu.AnishchenkoVA.Sprint3.Task3.V22.Test", "Tyuiu.AnishchenkoVA.Sprint3.Task3.V22.Test\Tyuiu.AnishchenkoVA.Sprint3.Task3.V22.Test.csproj", "{2FE7EADD-9FF0-4FB1-AF02-549DDCCBEB23}"
EndProject
Project("{2150E333-8FDC-42A3-9474-1A3956D46DE8}") = "Task4", "Task4", "{B7F77EAC-8191-4D63-ADD0-BA18B2AA075B}"
EndProject
Project("{9A19103F-16F7-4668-BE54-9A1E7A4F7556}") = "Tyuiu.AnishchenkoVA.Sprint3.Task4.V6", "Tyuiu.AnishchenkoVA.Sprint3.Task4.V6\Tyuiu.AnishchenkoVA.Sprint3.Task4.V6.csproj", "{8C301390-A168-4EEF-9E25-7A0407F109AB}"
EndProject
Project("{9A19103F-16F7-4668-BE54-9A1E7A4F7556}") = "Tyuiu.AnishchenkoVA.Sprint3.Task4.V6.Lib", "Tyuiu.AnishchenkoVA.Sprint3.Task4.V6.Lib\Tyuiu.AnishchenkoVA.Sprint3.Task4.V6.Lib.csproj", "{F3B6BD32-7338-4BF1-833E-73CA9AD81137}"
EndProject
Project("{9A19103F-16F7-4668-BE54-9A1E7A4F7556}") = "Tyuiu.AnishchenkoVA.Sprint3.Task4.V6.Test", "Tyuiu.AnishchenkoVA.Sprint3.Task4.V6.Test\Tyuiu.AnishchenkoVA.Sprint3.Task4.V6.Test.csproj", "{87EF5AFF-ABC0-4404-8505-22F8DA774824}"
EndProject
Project("{2150E333-8FDC-42A3-9474-1A3956D46DE8}") = "Task5", "Task5", "{B787789C-8B3F-49F5-A8FD-60A5C83E393D}"
EndProject
Project("{9A19103F-16F7-4668-BE54-9A1E7A4F7556}") = "Tyuiu.AnishchenkoVA.Sprint3.Task5.V28", "Tyuiu.AnishchenkoVA.Sprint3.Task5.V28\Tyuiu.AnishchenkoVA.Sprint3.Task5.V28.csproj", "{BAFCFECB-3F68-4276-B412-9C4E240E186A}"
EndProject
Project("{9A19103F-16F7-4668-BE54-9A1E7A4F7556}") = "Tyuiu.AnishchenkoVA.Sprint3.Task5.V28.Lib", "Tyuiu.AnishchenkoVA.Sprint3.Task5.V28.Lib\Tyuiu.AnishchenkoVA.Sprint3.Task5.V28.Lib.csproj", "{03E74489-6068-4B48-82DA-E4173EA6FA15}"
EndProject
Project("{9A19103F-16F7-4668-BE54-9A1E7A4F7556}") = "Tyuiu.AnishchenkoVA.Sprint3.Task5.V28.Test", "Tyuiu.AnishchenkoVA.Sprint3.Task5.V28.Test\Tyuiu.AnishchenkoVA.Sprint3.Task5.V28.Test.csproj", "{39BEC6F2-8E75-4206-83F8-431F1C6FA940}"
EndProject
Project("{2150E333-8FDC-42A3-9474-1A3956D46DE8}") = "Task6", "Task6", "{D2187DED-D890-49B9-9B0F-4C34A48D216C}"
EndProject
Project("{9A19103F-16F7-4668-BE54-9A1E7A4F7556}") = "Tyuiu.AnishchenkoVA.Sprint3.Task6.V14", "Tyuiu.AnishchenkoVA.Sprint3.Task6.V14\Tyuiu.AnishchenkoVA.Sprint3.Task6.V14.csproj", "{0918DA21-F5FF-4AA3-BAEE-85695C3E241B}"
EndProject
Project("{9A19103F-16F7-4668-BE54-9A1E7A4F7556}") = "Tyuiu.AnishchenkoVA.Sprint3.Task6.V14.Lib", "Tyuiu.AnishchenkoVA.Sprint3.Task6.V14.Lib\Tyuiu.AnishchenkoVA.Sprint3.Task6.V14.Lib.csproj", "{FDBB9173-D9F5-4C38-9E66-82A344BC96BF}"
EndProject
Project("{9A19103F-16F7-4668-BE54-9A1E7A4F7556}") = "Tyuiu.AnishchenkoVA.Sprint3.Task6.V14.Test", "Tyuiu.AnishchenkoVA.Sprint3.Task6.V14.Test\Tyuiu.AnishchenkoVA.Sprint3.Task6.V14.Test.csproj", "{22FC2751-0CD8-43BC-A0F5-2CF573AF35D5}"
EndProject
Project("{2150E333-8FDC-42A3-9474-1A3956D46DE8}") = "Task7", "Task7", "{E80E0E2A-67E9-43FC-A4BF-597E68B77FC4}"
EndProject
Project("{FAE04EC0-301F-11D3-BF4B-00C04F79EFBC}") = "Tyuiu.AnishchenkoVA.Sprint3.Task7.V21", "Tyuiu.AnishchenkoVA.Sprint3.Task7.V21\Tyuiu.AnishchenkoVA.Sprint3.Task7.V21.csproj", "{0181921B-BF63-4AFB-AD1C-BB07B6887BAB}"
EndProject
Project("{FAE04EC0-301F-11D3-BF4B-00C04F79EFBC}") = "Tyuiu.AnishchenkoVA.Sprint3.Task7.V21.Lib", "Tyuiu.AnishchenkoVA.Sprint3.Task7.V21.Lib\Tyuiu.AnishchenkoVA.Sprint3.Task7.V21.Lib.csproj", "{5CEB859F-2DE1-4E9B-8BD4-B08C3AD54145}"
EndProject
Project("{FAE04EC0-301F-11D3-BF4B-00C04F79EFBC}") = "Tyuiu.AnishchenkoVA.Sprint3.Task7.V21.Test", "Tyuiu.AnishchenkoVA.Sprint3.Task7.V21.Test\Tyuiu.AnishchenkoVA.Sprint3.Task7.V21.Test.csproj", "{AF0A6338-7616-403F-BF9F-AD2EDC54DCD4}"
EndProject
Global
	GlobalSection(SolutionConfigurationPlatforms) = preSolution
		Debug|Any CPU = Debug|Any CPU
		Release|Any CPU = Release|Any CPU
	EndGlobalSection
	GlobalSection(ProjectConfigurationPlatforms) = postSolution
		{CDDDC7B8-C970-4713-B8C1-BE9E78CF5BB7}.Debug|Any CPU.ActiveCfg = Debug|Any CPU
		{CDDDC7B8-C970-4713-B8C1-BE9E78CF5BB7}.Debug|Any CPU.Build.0 = Debug|Any CPU
		{CDDDC7B8-C970-4713-B8C1-BE9E78CF5BB7}.Release|Any CPU.ActiveCfg = Release|Any CPU
		{CDDDC7B8-C970-4713-B8C1-BE9E78CF5BB7}.Release|Any CPU.Build.0 = Release|Any CPU
		{77E56133-4B71-4D8F-B55C-E4929B926621}.Debug|Any CPU.ActiveCfg = Debug|Any CPU
		{77E56133-4B71-4D8F-B55C-E4929B926621}.Debug|Any CPU.Build.0 = Debug|Any CPU
		{77E56133-4B71-4D8F-B55C-E4929B926621}.Release|Any CPU.ActiveCfg = Release|Any CPU
		{77E56133-4B71-4D8F-B55C-E4929B926621}.Release|Any CPU.Build.0 = Release|Any CPU
		{8BD7C317-5FF3-4DB2-AD88-F344AE5768C8}.Debug|Any CPU.ActiveCfg = Debug|Any CPU
		{8BD7C317-5FF3-4DB2-AD88-F344AE5768C8}.Debug|Any CPU.Build.0 = Debug|Any CPU
		{8BD7C317-5FF3-4DB2-AD88-F344AE5768C8}.Release|Any CPU.ActiveCfg = Release|Any CPU
		{8BD7C317-5FF3-4DB2-AD88-F344AE5768C8}.Release|Any CPU.Build.0 = Release|Any CPU
		{27A35599-E9E9-4CD8-95FC-877056BFF2B7}.Debug|Any CPU.ActiveCfg = Debug|Any CPU
		{27A35599-E9E9-4CD8-95FC-877056BFF2B7}.Debug|Any CPU.Build.0 = Debug|Any CPU
		{27A35599-E9E9-4CD8-95FC-877056BFF2B7}.Release|Any CPU.ActiveCfg = Release|Any CPU
		{27A35599-E9E9-4CD8-95FC-877056BFF2B7}.Release|Any CPU.Build.0 = Release|Any CPU
		{745601A0-B94C-4CF9-AEA8-EC061C9E5B80}.Debug|Any CPU.ActiveCfg = Debug|Any CPU
		{745601A0-B94C-4CF9-AEA8-EC061C9E5B80}.Debug|Any CPU.Build.0 = Debug|Any CPU
		{745601A0-B94C-4CF9-AEA8-EC061C9E5B80}.Release|Any CPU.ActiveCfg = Release|Any CPU
		{745601A0-B94C-4CF9-AEA8-EC061C9E5B80}.Release|Any CPU.Build.0 = Release|Any CPU
		{9FACBB3C-3A9C-4612-9F79-1BFF60B4AB67}.Debug|Any CPU.ActiveCfg = Debug|Any CPU
		{9FACBB3C-3A9C-4612-9F79-1BFF60B4AB67}.Debug|Any CPU.Build.0 = Debug|Any CPU
		{9FACBB3C-3A9C-4612-9F79-1BFF60B4AB67}.Release|Any CPU.ActiveCfg = Release|Any CPU
		{9FACBB3C-3A9C-4612-9F79-1BFF60B4AB67}.Release|Any CPU.Build.0 = Release|Any CPU
		{509EC699-7D8B-4E27-A3B9-BDA561FBC70C}.Debug|Any CPU.ActiveCfg = Debug|Any CPU
		{509EC699-7D8B-4E27-A3B9-BDA561FBC70C}.Debug|Any CPU.Build.0 = Debug|Any CPU
		{509EC699-7D8B-4E27-A3B9-BDA561FBC70C}.Release|Any CPU.ActiveCfg = Release|Any CPU
		{509EC699-7D8B-4E27-A3B9-BDA561FBC70C}.Release|Any CPU.Build.0 = Release|Any CPU
		{F8C0FA56-A455-4C57-9487-D0C67CB4C54F}.Debug|Any CPU.ActiveCfg = Debug|Any CPU
		{F8C0FA56-A455-4C57-9487-D0C67CB4C54F}.Debug|Any CPU.Build.0 = Debug|Any CPU
		{F8C0FA56-A455-4C57-9487-D0C67CB4C54F}.Release|Any CPU.ActiveCfg = Release|Any CPU
		{F8C0FA56-A455-4C57-9487-D0C67CB4C54F}.Release|Any CPU.Build.0 = Release|Any CPU
		{4021B1C2-3003-4D7B-A1C8-5F65BCB36A28}.Debug|Any CPU.ActiveCfg = Debug|Any CPU
		{4021B1C2-3003-4D7B-A1C8-5F65BCB36A28}.Debug|Any CPU.Build.0 = Debug|Any CPU
		{4021B1C2-3003-4D7B-A1C8-5F65BCB36A28}.Release|Any CPU.ActiveCfg = Release|Any CPU
		{4021B1C2-3003-4D7B-A1C8-5F65BCB36A28}.Release|Any CPU.Build.0 = Release|Any CPU
		{8AB15C08-36D4-4C04-9373-0A5217EA703F}.Debug|Any CPU.ActiveCfg = Debug|Any CPU
		{8AB15C08-36D4-4C04-9373-0A5217EA703F}.Debug|Any CPU.Build.0 = Debug|Any CPU
		{8AB15C08-36D4-4C04-9373-0A5217EA703F}.Release|Any CPU.ActiveCfg = Release|Any CPU
		{8AB15C08-36D4-4C04-9373-0A5217EA703F}.Release|Any CPU.Build.0 = Release|Any CPU
		{D1EE0F27-3D42-4AD1-8BAD-56725E8F8F99}.Debug|Any CPU.ActiveCfg = Debug|Any CPU
		{D1EE0F27-3D42-4AD1-8BAD-56725E8F8F99}.Debug|Any CPU.Build.0 = Debug|Any CPU
		{D1EE0F27-3D42-4AD1-8BAD-56725E8F8F99}.Release|Any CPU.ActiveCfg = Release|Any CPU
		{D1EE0F27-3D42-4AD1-8BAD-56725E8F8F99}.Release|Any CPU.Build.0 = Release|Any CPU
		{2FE7EADD-9FF0-4FB1-AF02-549DDCCBEB23}.Debug|Any CPU.ActiveCfg = Debug|Any CPU
		{2FE7EADD-9FF0-4FB1-AF02-549DDCCBEB23}.Debug|Any CPU.Build.0 = Debug|Any CPU
		{2FE7EADD-9FF0-4FB1-AF02-549DDCCBEB23}.Release|Any CPU.ActiveCfg = Release|Any CPU
		{2FE7EADD-9FF0-4FB1-AF02-549DDCCBEB23}.Release|Any CPU.Build.0 = Release|Any CPU
		{8C301390-A168-4EEF-9E25-7A0407F109AB}.Debug|Any CPU.ActiveCfg = Debug|Any CPU
		{8C301390-A168-4EEF-9E25-7A0407F109AB}.Debug|Any CPU.Build.0 = Debug|Any CPU
		{8C301390-A168-4EEF-9E25-7A0407F109AB}.Release|Any CPU.ActiveCfg = Release|Any CPU
		{8C301390-A168-4EEF-9E25-7A0407F109AB}.Release|Any CPU.Build.0 = Release|Any CPU
		{F3B6BD32-7338-4BF1-833E-73CA9AD81137}.Debug|Any CPU.ActiveCfg = Debug|Any CPU
		{F3B6BD32-7338-4BF1-833E-73CA9AD81137}.Debug|Any CPU.Build.0 = Debug|Any CPU
		{F3B6BD32-7338-4BF1-833E-73CA9AD81137}.Release|Any CPU.ActiveCfg = Release|Any CPU
		{F3B6BD32-7338-4BF1-833E-73CA9AD81137}.Release|Any CPU.Build.0 = Release|Any CPU
		{87EF5AFF-ABC0-4404-8505-22F8DA774824}.Debug|Any CPU.ActiveCfg = Debug|Any CPU
		{87EF5AFF-ABC0-4404-8505-22F8DA774824}.Debug|Any CPU.Build.0 = Debug|Any CPU
		{87EF5AFF-ABC0-4404-8505-22F8DA774824}.Release|Any CPU.ActiveCfg = Release|Any CPU
		{87EF5AFF-ABC0-4404-8505-22F8DA774824}.Release|Any CPU.Build.0 = Release|Any CPU
		{BAFCFECB-3F68-4276-B412-9C4E240E186A}.Debug|Any CPU.ActiveCfg = Debug|Any CPU
		{BAFCFECB-3F68-4276-B412-9C4E240E186A}.Debug|Any CPU.Build.0 = Debug|Any CPU
		{BAFCFECB-3F68-4276-B412-9C4E240E186A}.Release|Any CPU.ActiveCfg = Release|Any CPU
		{BAFCFECB-3F68-4276-B412-9C4E240E186A}.Release|Any CPU.Build.0 = Release|Any CPU
		{03E74489-6068-4B48-82DA-E4173EA6FA15}.Debug|Any CPU.ActiveCfg = Debug|Any CPU
		{03E74489-6068-4B48-82DA-E4173EA6FA15}.Debug|Any CPU.Build.0 = Debug|Any CPU
		{03E74489-6068-4B48-82DA-E4173EA6FA15}.Release|Any CPU.ActiveCfg = Release|Any CPU
		{03E74489-6068-4B48-82DA-E4173EA6FA15}.Release|Any CPU.Build.0 = Release|Any CPU
		{39BEC6F2-8E75-4206-83F8-431F1C6FA940}.Debug|Any CPU.ActiveCfg = Debug|Any CPU
		{39BEC6F2-8E75-4206-83F8-431F1C6FA940}.Debug|Any CPU.Build.0 = Debug|Any CPU
		{39BEC6F2-8E75-4206-83F8-431F1C6FA940}.Release|Any CPU.ActiveCfg = Release|Any CPU
		{39BEC6F2-8E75-4206-83F8-431F1C6FA940}.Release|Any CPU.Build.0 = Release|Any CPU
		{0918DA21-F5FF-4AA3-BAEE-85695C3E241B}.Debug|Any CPU.ActiveCfg = Debug|Any CPU
		{0918DA21-F5FF-4AA3-BAEE-85695C3E241B}.Debug|Any CPU.Build.0 = Debug|Any CPU
		{0918DA21-F5FF-4AA3-BAEE-85695C3E241B}.Release|Any CPU.ActiveCfg = Release|Any CPU
		{0918DA21-F5FF-4AA3-BAEE-85695C3E241B}.Release|Any CPU.Build.0 = Release|Any CPU
		{FDBB9173-D9F5-4C38-9E66-82A344BC96BF}.Debug|Any CPU.ActiveCfg = Debug|Any CPU
		{FDBB9173-D9F5-4C38-9E66-82A344BC96BF}.Debug|Any CPU.Build.0 = Debug|Any CPU
		{FDBB9173-D9F5-4C38-9E66-82A344BC96BF}.Release|Any CPU.ActiveCfg = Release|Any CPU
		{FDBB9173-D9F5-4C38-9E66-82A344BC96BF}.Release|Any CPU.Build.0 = Release|Any CPU
		{22FC2751-0CD8-43BC-A0F5-2CF573AF35D5}.Debug|Any CPU.ActiveCfg = Debug|Any CPU
		{22FC2751-0CD8-43BC-A0F5-2CF573AF35D5}.Debug|Any CPU.Build.0 = Debug|Any CPU
		{22FC2751-0CD8-43BC-A0F5-2CF573AF35D5}.Release|Any CPU.ActiveCfg = Release|Any CPU
		{22FC2751-0CD8-43BC-A0F5-2CF573AF35D5}.Release|Any CPU.Build.0 = Release|Any CPU
		{0181921B-BF63-4AFB-AD1C-BB07B6887BAB}.Debug|Any CPU.ActiveCfg = Debug|Any CPU
		{0181921B-BF63-4AFB-AD1C-BB07B6887BAB}.Debug|Any CPU.Build.0 = Debug|Any CPU
		{0181921B-BF63-4AFB-AD1C-BB07B6887BAB}.Release|Any CPU.ActiveCfg = Release|Any CPU
		{0181921B-BF63-4AFB-AD1C-BB07B6887BAB}.Release|Any CPU.Build.0 = Release|Any CPU
		{5CEB859F-2DE1-4E9B-8BD4-B08C3AD54145}.Debug|Any CPU.ActiveCfg = Debug|Any CPU
		{5CEB859F-2DE1-4E9B-8BD4-B08C3AD54145}.Debug|Any CPU.Build.0 = Debug|Any CPU
		{5CEB859F-2DE1-4E9B-8BD4-B08C3AD54145}.Release|Any CPU.ActiveCfg = Release|Any CPU
		{5CEB859F-2DE1-4E9B-8BD4-B08C3AD54145}.Release|Any CPU.Build.0 = Release|Any CPU
		{AF0A6338-7616-403F-BF9F-AD2EDC54DCD4}.Debug|Any CPU.ActiveCfg = Debug|Any CPU
		{AF0A6338-7616-403F-BF9F-AD2EDC54DCD4}.Debug|Any CPU.Build.0 = Debug|Any CPU
		{AF0A6338-7616-403F-BF9F-AD2EDC54DCD4}.Release|Any CPU.ActiveCfg = Release|Any CPU
		{AF0A6338-7616-403F-BF9F-AD2EDC54DCD4}.Release|Any CPU.Build.0 = Release|Any CPU
	EndGlobalSection
	GlobalSection(SolutionProperties) = preSolution
		HideSolutionNode = FALSE
	EndGlobalSection
	GlobalSection(NestedProjects) = preSolution
		{CDDDC7B8-C970-4713-B8C1-BE9E78CF5BB7} = {960AEA04-7936-4526-AA1C-71E7EA6DCC52}
		{77E56133-4B71-4D8F-B55C-E4929B926621} = {960AEA04-7936-4526-AA1C-71E7EA6DCC52}
		{8BD7C317-5FF3-4DB2-AD88-F344AE5768C8} = {960AEA04-7936-4526-AA1C-71E7EA6DCC52}
		{27A35599-E9E9-4CD8-95FC-877056BFF2B7} = {73A86CBB-61E4-4ECA-9A58-ED0D4C2A5CB3}
		{745601A0-B94C-4CF9-AEA8-EC061C9E5B80} = {73A86CBB-61E4-4ECA-9A58-ED0D4C2A5CB3}
		{9FACBB3C-3A9C-4612-9F79-1BFF60B4AB67} = {73A86CBB-61E4-4ECA-9A58-ED0D4C2A5CB3}
		{509EC699-7D8B-4E27-A3B9-BDA561FBC70C} = {E0002763-518F-4ED8-B6C1-61F77427A2A6}
		{F8C0FA56-A455-4C57-9487-D0C67CB4C54F} = {E0002763-518F-4ED8-B6C1-61F77427A2A6}
		{4021B1C2-3003-4D7B-A1C8-5F65BCB36A28} = {E0002763-518F-4ED8-B6C1-61F77427A2A6}
		{8AB15C08-36D4-4C04-9373-0A5217EA703F} = {1E27C27D-0F29-4412-9FCD-8D19F8F39255}
		{D1EE0F27-3D42-4AD1-8BAD-56725E8F8F99} = {1E27C27D-0F29-4412-9FCD-8D19F8F39255}
		{2FE7EADD-9FF0-4FB1-AF02-549DDCCBEB23} = {1E27C27D-0F29-4412-9FCD-8D19F8F39255}
		{8C301390-A168-4EEF-9E25-7A0407F109AB} = {B7F77EAC-8191-4D63-ADD0-BA18B2AA075B}
		{F3B6BD32-7338-4BF1-833E-73CA9AD81137} = {B7F77EAC-8191-4D63-ADD0-BA18B2AA075B}
		{87EF5AFF-ABC0-4404-8505-22F8DA774824} = {B7F77EAC-8191-4D63-ADD0-BA18B2AA075B}
		{BAFCFECB-3F68-4276-B412-9C4E240E186A} = {B787789C-8B3F-49F5-A8FD-60A5C83E393D}
		{03E74489-6068-4B48-82DA-E4173EA6FA15} = {B787789C-8B3F-49F5-A8FD-60A5C83E393D}
		{39BEC6F2-8E75-4206-83F8-431F1C6FA940} = {B787789C-8B3F-49F5-A8FD-60A5C83E393D}
		{0918DA21-F5FF-4AA3-BAEE-85695C3E241B} = {D2187DED-D890-49B9-9B0F-4C34A48D216C}
		{FDBB9173-D9F5-4C38-9E66-82A344BC96BF} = {D2187DED-D890-49B9-9B0F-4C34A48D216C}
		{22FC2751-0CD8-43BC-A0F5-2CF573AF35D5} = {D2187DED-D890-49B9-9B0F-4C34A48D216C}
		{0181921B-BF63-4AFB-AD1C-BB07B6887BAB} = {E80E0E2A-67E9-43FC-A4BF-597E68B77FC4}
		{5CEB859F-2DE1-4E9B-8BD4-B08C3AD54145} = {E80E0E2A-67E9-43FC-A4BF-597E68B77FC4}
		{AF0A6338-7616-403F-BF9F-AD2EDC54DCD4} = {E80E0E2A-67E9-43FC-A4BF-597E68B77FC4}
	EndGlobalSection
	GlobalSection(ExtensibilityGlobals) = postSolution
		SolutionGuid = {291DA25D-7847-489B-B2D6-927BDC774D77}
	EndGlobalSection
EndGlobal
